
Microsoft Visual Studio Solution File, Format Version 11.00
# Visual C++ Express 2010
Project("{8BC9CEB8-8B4A-11D0-8D11-00A0C91BC942}") = "editenv", "editenv.vcxproj", "{59489F1B-1D27-43DB-9EB2-3BCB6F3D67F1}"
EndProject
Project("{8BC9CEB8-8B4A-11D0-8D11-00A0C91BC942}") = "envtest", "envtest\envtest.vcxproj", "{0A47F2D0-47F9-4D42-AAB6-692A8C75C010}"
EndProject
Project("{8BC9CEB8-8B4A-11D0-8D11-00A0C91BC942}") = "pthmgr", "pthmgr\pthmgr.vcxproj", "{1A97CB24-8EAA-4C98-94C2-235F1F28C164}"
EndProject
Global
	GlobalSection(SolutionConfigurationPlatforms) = preSolution
		Debug|Win32 = Debug|Win32
		Debug|x64 = Debug|x64
		Release|Win32 = Release|Win32
		Release|x64 = Release|x64
	EndGlobalSection
	GlobalSection(ProjectConfigurationPlatforms) = postSolution
		{59489F1B-1D27-43DB-9EB2-3BCB6F3D67F1}.Debug|Win32.ActiveCfg = Debug|Win32
		{59489F1B-1D27-43DB-9EB2-3BCB6F3D67F1}.Debug|Win32.Build.0 = Debug|Win32
		{59489F1B-1D27-43DB-9EB2-3BCB6F3D67F1}.Debug|x64.ActiveCfg = Debug|x64
		{59489F1B-1D27-43DB-9EB2-3BCB6F3D67F1}.Debug|x64.Build.0 = Debug|x64
		{59489F1B-1D27-43DB-9EB2-3BCB6F3D67F1}.Release|Win32.ActiveCfg = Release|Win32
		{59489F1B-1D27-43DB-9EB2-3BCB6F3D67F1}.Release|Win32.Build.0 = Release|Win32
		{59489F1B-1D27-43DB-9EB2-3BCB6F3D67F1}.Release|x64.ActiveCfg = Release|x64
		{59489F1B-1D27-43DB-9EB2-3BCB6F3D67F1}.Release|x64.Build.0 = Release|x64
		{0A47F2D0-47F9-4D42-AAB6-692A8C75C010}.Debug|Win32.ActiveCfg = Debug|Win32
		{0A47F2D0-47F9-4D42-AAB6-692A8C75C010}.Debug|Win32.Build.0 = Debug|Win32
		{0A47F2D0-47F9-4D42-AAB6-692A8C75C010}.Debug|x64.ActiveCfg = Debug|x64
		{0A47F2D0-47F9-4D42-AAB6-692A8C75C010}.Debug|x64.Build.0 = Debug|x64
		{0A47F2D0-47F9-4D42-AAB6-692A8C75C010}.Release|Win32.ActiveCfg = Release|Win32
		{0A47F2D0-47F9-4D42-AAB6-692A8C75C010}.Release|Win32.Build.0 = Release|Win32
		{0A47F2D0-47F9-4D42-AAB6-692A8C75C010}.Release|x64.ActiveCfg = Release|x64
		{0A47F2D0-47F9-4D42-AAB6-692A8C75C010}.Release|x64.Build.0 = Release|x64
		{1A97CB24-8EAA-4C98-94C2-235F1F28C164}.Debug|Win32.ActiveCfg = Debug|Win32
		{1A97CB24-8EAA-4C98-94C2-235F1F28C164}.Debug|Win32.Build.0 = Debug|Win32
		{1A97CB24-8EAA-4C98-94C2-235F1F28C164}.Debug|x64.ActiveCfg = Debug|x64
		{1A97CB24-8EAA-4C98-94C2-235F1F28C164}.Debug|x64.Build.0 = Debug|x64
		{1A97CB24-8EAA-4C98-94C2-235F1F28C164}.Release|Win32.ActiveCfg = Release|Win32
		{1A97CB24-8EAA-4C98-94C2-235F1F28C164}.Release|Win32.Build.0 = Release|Win32
		{1A97CB24-8EAA-4C98-94C2-235F1F28C164}.Release|x64.ActiveCfg = Release|x64
		{1A97CB24-8EAA-4C98-94C2-235F1F28C164}.Release|x64.Build.0 = Release|x64
	EndGlobalSection
	GlobalSection(SolutionProperties) = preSolution
		HideSolutionNode = FALSE
	EndGlobalSection
EndGlobal
